
Microsoft Visual Studio Solution File, Format Version 12.00
# Visual Studio 15
VisualStudioVersion = 15.0.26430.6
MinimumVisualStudioVersion = 10.0.40219.1
Project("{D954291E-2A0B-460D-934E-DC6B0785DB48}") = "HexMex.Shared", "HexMex\HexMex.Shared\HexMex.Shared.shproj", "{F0C9CE92-CB00-4AE3-80E1-7ADD8AB32B40}"
EndProject
Project("{FAE04EC0-301F-11D3-BF4B-00C04F79EFBC}") = "HexMex.Droid", "HexMex\HexMex.Droid\HexMex.Droid.csproj", "{1258BF54-0F7C-40A5-BDD9-FD5BE89C92A0}"
EndProject
Project("{FAE04EC0-301F-11D3-BF4B-00C04F79EFBC}") = "HexMex.iOS", "HexMex\HexMex.iOS\HexMex.iOS.csproj", "{2B15F318-31DB-4652-ABA4-00455DFBA4AF}"
EndProject
Global
	GlobalSection(SharedMSBuildProjectFiles) = preSolution
		HexMex\HexMex.Shared\EmptyProject.Shared.projitems*{1258bf54-0f7c-40a5-bdd9-fd5be89c92a0}*SharedItemsImports = 4
		HexMex\HexMex.Shared\EmptyProject.Shared.projitems*{2b15f318-31db-4652-aba4-00455dfba4af}*SharedItemsImports = 4
		HexMex\HexMex.Shared\EmptyProject.Shared.projitems*{f0c9ce92-cb00-4ae3-80e1-7add8ab32b40}*SharedItemsImports = 13
	EndGlobalSection
	GlobalSection(SolutionConfigurationPlatforms) = preSolution
		Ad-Hoc|Any CPU = Ad-Hoc|Any CPU
		Ad-Hoc|iPhone = Ad-Hoc|iPhone
		Ad-Hoc|iPhoneSimulator = Ad-Hoc|iPhoneSimulator
		AppStore|Any CPU = AppStore|Any CPU
		AppStore|iPhone = AppStore|iPhone
		AppStore|iPhoneSimulator = AppStore|iPhoneSimulator
		Debug|Any CPU = Debug|Any CPU
		Debug|iPhone = Debug|iPhone
		Debug|iPhoneSimulator = Debug|iPhoneSimulator
		Release|Any CPU = Release|Any CPU
		Release|iPhone = Release|iPhone
		Release|iPhoneSimulator = Release|iPhoneSimulator
	EndGlobalSection
	GlobalSection(ProjectConfigurationPlatforms) = postSolution
		{1258BF54-0F7C-40A5-BDD9-FD5BE89C92A0}.Ad-Hoc|Any CPU.ActiveCfg = Release|Any CPU
		{1258BF54-0F7C-40A5-BDD9-FD5BE89C92A0}.Ad-Hoc|Any CPU.Build.0 = Release|Any CPU
		{1258BF54-0F7C-40A5-BDD9-FD5BE89C92A0}.Ad-Hoc|Any CPU.Deploy.0 = Release|Any CPU
		{1258BF54-0F7C-40A5-BDD9-FD5BE89C92A0}.Ad-Hoc|iPhone.ActiveCfg = Release|Any CPU
		{1258BF54-0F7C-40A5-BDD9-FD5BE89C92A0}.Ad-Hoc|iPhone.Build.0 = Release|Any CPU
		{1258BF54-0F7C-40A5-BDD9-FD5BE89C92A0}.Ad-Hoc|iPhone.Deploy.0 = Release|Any CPU
		{1258BF54-0F7C-40A5-BDD9-FD5BE89C92A0}.Ad-Hoc|iPhoneSimulator.ActiveCfg = Release|Any CPU
		{1258BF54-0F7C-40A5-BDD9-FD5BE89C92A0}.Ad-Hoc|iPhoneSimulator.Build.0 = Release|Any CPU
		{1258BF54-0F7C-40A5-BDD9-FD5BE89C92A0}.Ad-Hoc|iPhoneSimulator.Deploy.0 = Release|Any CPU
		{1258BF54-0F7C-40A5-BDD9-FD5BE89C92A0}.AppStore|Any CPU.ActiveCfg = Release|Any CPU
		{1258BF54-0F7C-40A5-BDD9-FD5BE89C92A0}.AppStore|Any CPU.Build.0 = Release|Any CPU
		{1258BF54-0F7C-40A5-BDD9-FD5BE89C92A0}.AppStore|Any CPU.Deploy.0 = Release|Any CPU
		{1258BF54-0F7C-40A5-BDD9-FD5BE89C92A0}.AppStore|iPhone.ActiveCfg = Release|Any CPU
		{1258BF54-0F7C-40A5-BDD9-FD5BE89C92A0}.AppStore|iPhone.Build.0 = Release|Any CPU
		{1258BF54-0F7C-40A5-BDD9-FD5BE89C92A0}.AppStore|iPhone.Deploy.0 = Release|Any CPU
		{1258BF54-0F7C-40A5-BDD9-FD5BE89C92A0}.AppStore|iPhoneSimulator.ActiveCfg = Release|Any CPU
		{1258BF54-0F7C-40A5-BDD9-FD5BE89C92A0}.AppStore|iPhoneSimulator.Build.0 = Release|Any CPU
		{1258BF54-0F7C-40A5-BDD9-FD5BE89C92A0}.AppStore|iPhoneSimulator.Deploy.0 = Release|Any CPU
		{1258BF54-0F7C-40A5-BDD9-FD5BE89C92A0}.Debug|Any CPU.ActiveCfg = Debug|Any CPU
		{1258BF54-0F7C-40A5-BDD9-FD5BE89C92A0}.Debug|Any CPU.Build.0 = Debug|Any CPU
		{1258BF54-0F7C-40A5-BDD9-FD5BE89C92A0}.Debug|Any CPU.Deploy.0 = Debug|Any CPU
		{1258BF54-0F7C-40A5-BDD9-FD5BE89C92A0}.Debug|iPhone.ActiveCfg = Debug|Any CPU
		{1258BF54-0F7C-40A5-BDD9-FD5BE89C92A0}.Debug|iPhone.Build.0 = Debug|Any CPU
		{1258BF54-0F7C-40A5-BDD9-FD5BE89C92A0}.Debug|iPhone.Deploy.0 = Debug|Any CPU
		{1258BF54-0F7C-40A5-BDD9-FD5BE89C92A0}.Debug|iPhoneSimulator.ActiveCfg = Debug|Any CPU
		{1258BF54-0F7C-40A5-BDD9-FD5BE89C92A0}.Debug|iPhoneSimulator.Build.0 = Debug|Any CPU
		{1258BF54-0F7C-40A5-BDD9-FD5BE89C92A0}.Debug|iPhoneSimulator.Deploy.0 = Debug|Any CPU
		{1258BF54-0F7C-40A5-BDD9-FD5BE89C92A0}.Release|Any CPU.ActiveCfg = Release|Any CPU
		{1258BF54-0F7C-40A5-BDD9-FD5BE89C92A0}.Release|Any CPU.Build.0 = Release|Any CPU
		{1258BF54-0F7C-40A5-BDD9-FD5BE89C92A0}.Release|Any CPU.Deploy.0 = Release|Any CPU
		{1258BF54-0F7C-40A5-BDD9-FD5BE89C92A0}.Release|iPhone.ActiveCfg = Release|Any CPU
		{1258BF54-0F7C-40A5-BDD9-FD5BE89C92A0}.Release|iPhone.Build.0 = Release|Any CPU
		{1258BF54-0F7C-40A5-BDD9-FD5BE89C92A0}.Release|iPhone.Deploy.0 = Release|Any CPU
		{1258BF54-0F7C-40A5-BDD9-FD5BE89C92A0}.Release|iPhoneSimulator.ActiveCfg = Release|Any CPU
		{1258BF54-0F7C-40A5-BDD9-FD5BE89C92A0}.Release|iPhoneSimulator.Build.0 = Release|Any CPU
		{1258BF54-0F7C-40A5-BDD9-FD5BE89C92A0}.Release|iPhoneSimulator.Deploy.0 = Release|Any CPU
		{2B15F318-31DB-4652-ABA4-00455DFBA4AF}.Ad-Hoc|Any CPU.ActiveCfg = Ad-Hoc|iPhone
		{2B15F318-31DB-4652-ABA4-00455DFBA4AF}.Ad-Hoc|iPhone.ActiveCfg = Ad-Hoc|iPhone
		{2B15F318-31DB-4652-ABA4-00455DFBA4AF}.Ad-Hoc|iPhone.Build.0 = Ad-Hoc|iPhone
		{2B15F318-31DB-4652-ABA4-00455DFBA4AF}.Ad-Hoc|iPhoneSimulator.ActiveCfg = Ad-Hoc|iPhoneSimulator
		{2B15F318-31DB-4652-ABA4-00455DFBA4AF}.Ad-Hoc|iPhoneSimulator.Build.0 = Ad-Hoc|iPhoneSimulator
		{2B15F318-31DB-4652-ABA4-00455DFBA4AF}.AppStore|Any CPU.ActiveCfg = AppStore|iPhone
		{2B15F318-31DB-4652-ABA4-00455DFBA4AF}.AppStore|iPhone.ActiveCfg = AppStore|iPhone
		{2B15F318-31DB-4652-ABA4-00455DFBA4AF}.AppStore|iPhone.Build.0 = AppStore|iPhone
		{2B15F318-31DB-4652-ABA4-00455DFBA4AF}.AppStore|iPhoneSimulator.ActiveCfg = AppStore|iPhoneSimulator
		{2B15F318-31DB-4652-ABA4-00455DFBA4AF}.AppStore|iPhoneSimulator.Build.0 = AppStore|iPhoneSimulator
		{2B15F318-31DB-4652-ABA4-00455DFBA4AF}.Debug|Any CPU.ActiveCfg = Debug|iPhone
		{2B15F318-31DB-4652-ABA4-00455DFBA4AF}.Debug|iPhone.ActiveCfg = Debug|iPhone
		{2B15F318-31DB-4652-ABA4-00455DFBA4AF}.Debug|iPhone.Build.0 = Debug|iPhone
		{2B15F318-31DB-4652-ABA4-00455DFBA4AF}.Debug|iPhoneSimulator.ActiveCfg = Debug|iPhoneSimulator
		{2B15F318-31DB-4652-ABA4-00455DFBA4AF}.Debug|iPhoneSimulator.Build.0 = Debug|iPhoneSimulator
		{2B15F318-31DB-4652-ABA4-00455DFBA4AF}.Release|Any CPU.ActiveCfg = Release|iPhone
		{2B15F318-31DB-4652-ABA4-00455DFBA4AF}.Release|iPhone.ActiveCfg = Release|iPhone
		{2B15F318-31DB-4652-ABA4-00455DFBA4AF}.Release|iPhone.Build.0 = Release|iPhone
		{2B15F318-31DB-4652-ABA4-00455DFBA4AF}.Release|iPhoneSimulator.ActiveCfg = Release|iPhoneSimulator
		{2B15F318-31DB-4652-ABA4-00455DFBA4AF}.Release|iPhoneSimulator.Build.0 = Release|iPhoneSimulator
	EndGlobalSection
	GlobalSection(SolutionProperties) = preSolution
		HideSolutionNode = FALSE
	EndGlobalSection
EndGlobal
